
Microsoft Visual Studio Solution File, Format Version 12.00
# Visual Studio 15
VisualStudioVersion = 15.0.26730.15
MinimumVisualStudioVersion = 10.0.40219.1
Project("{FAE04EC0-301F-11D3-BF4B-00C04F79EFBC}") = "AllocationsFormApplication", "Application Task 1\AllocationsFormApplication.csproj", "{D99B5107-B237-4DCE-B859-67F52FD8E552}"
	ProjectSection(ProjectDependencies) = postProject
		{76B51F76-76FD-41E1-B031-E9578A307C44} = {76B51F76-76FD-41E1-B031-E9578A307C44}
	EndProjectSection
EndProject
Project("{E24C65DC-7377-472B-9ABA-BC803B73C61A}") = "WCF", "WCF\", "{76B51F76-76FD-41E1-B031-E9578A307C44}"
	ProjectSection(WebsiteProperties) = preProject
		TargetFrameworkMoniker = ".NETFramework,Version%3Dv4.7"
		Debug.AspNetCompiler.VirtualPath = "/localhost_55732"
		Debug.AspNetCompiler.PhysicalPath = "WCF\"
		Debug.AspNetCompiler.TargetPath = "PrecompiledWeb\localhost_55732\"
		Debug.AspNetCompiler.Updateable = "true"
		Debug.AspNetCompiler.ForceOverwrite = "true"
		Debug.AspNetCompiler.FixedNames = "false"
		Debug.AspNetCompiler.Debug = "True"
		Release.AspNetCompiler.VirtualPath = "/localhost_55732"
		Release.AspNetCompiler.PhysicalPath = "WCF\"
		Release.AspNetCompiler.TargetPath = "PrecompiledWeb\localhost_55732\"
		Release.AspNetCompiler.Updateable = "true"
		Release.AspNetCompiler.ForceOverwrite = "true"
		Release.AspNetCompiler.FixedNames = "false"
		Release.AspNetCompiler.Debug = "False"
		VWDPort = "55732"
		SlnRelativePath = "WCF\"
		DefaultWebSiteLanguage = "Visual C#"
	EndProjectSection
EndProject
Project("{FAE04EC0-301F-11D3-BF4B-00C04F79EFBC}") = "AT1.Implementation", "AT1.Implementation\AT1.Implementation.csproj", "{618C648E-9908-4466-99C0-FA6F95258B6E}"
EndProject
Global
	GlobalSection(SolutionConfigurationPlatforms) = preSolution
		Debug|Any CPU = Debug|Any CPU
		Release|Any CPU = Release|Any CPU
	EndGlobalSection
	GlobalSection(ProjectConfigurationPlatforms) = postSolution
		{D99B5107-B237-4DCE-B859-67F52FD8E552}.Debug|Any CPU.ActiveCfg = Debug|Any CPU
		{D99B5107-B237-4DCE-B859-67F52FD8E552}.Debug|Any CPU.Build.0 = Debug|Any CPU
		{D99B5107-B237-4DCE-B859-67F52FD8E552}.Release|Any CPU.ActiveCfg = Release|Any CPU
		{D99B5107-B237-4DCE-B859-67F52FD8E552}.Release|Any CPU.Build.0 = Release|Any CPU
		{76B51F76-76FD-41E1-B031-E9578A307C44}.Debug|Any CPU.ActiveCfg = Debug|Any CPU
		{76B51F76-76FD-41E1-B031-E9578A307C44}.Debug|Any CPU.Build.0 = Debug|Any CPU
		{76B51F76-76FD-41E1-B031-E9578A307C44}.Release|Any CPU.ActiveCfg = Debug|Any CPU
		{76B51F76-76FD-41E1-B031-E9578A307C44}.Release|Any CPU.Build.0 = Debug|Any CPU
		{618C648E-9908-4466-99C0-FA6F95258B6E}.Debug|Any CPU.ActiveCfg = Debug|Any CPU
		{618C648E-9908-4466-99C0-FA6F95258B6E}.Debug|Any CPU.Build.0 = Debug|Any CPU
		{618C648E-9908-4466-99C0-FA6F95258B6E}.Release|Any CPU.ActiveCfg = Release|Any CPU
		{618C648E-9908-4466-99C0-FA6F95258B6E}.Release|Any CPU.Build.0 = Release|Any CPU
	EndGlobalSection
	GlobalSection(SolutionProperties) = preSolution
		HideSolutionNode = FALSE
	EndGlobalSection
	GlobalSection(ExtensibilityGlobals) = postSolution
		SolutionGuid = {FC4E4459-D95D-4EC5-BFC5-D7A58E845238}
	EndGlobalSection
EndGlobal
