
Microsoft Visual Studio Solution File, Format Version 12.00
# Visual Studio Version 16
VisualStudioVersion = 16.0.30503.244
MinimumVisualStudioVersion = 10.0.40219.1
Project("{FAE04EC0-301F-11D3-BF4B-00C04F79EFBC}") = "AllocationsFormApplication", "Application Task 1\AllocationsFormApplication.csproj", "{D99B5107-B237-4DCE-B859-67F52FD8E552}"
	ProjectSection(ProjectDependencies) = postProject
		{1CEC23EC-857A-4186-9558-0D7A46996B59} = {1CEC23EC-857A-4186-9558-0D7A46996B59}
	EndProjectSection
EndProject
Project("{FAE04EC0-301F-11D3-BF4B-00C04F79EFBC}") = "AT1.Implementation", "AT1.Implementation\AT1.Implementation.csproj", "{618C648E-9908-4466-99C0-FA6F95258B6E}"
EndProject
Project("{FAE04EC0-301F-11D3-BF4B-00C04F79EFBC}") = "WcfServiceLibrary1", "WcfServiceLibrary1\WcfServiceLibrary1.csproj", "{1CEC23EC-857A-4186-9558-0D7A46996B59}"
EndProject
Global
	GlobalSection(SolutionConfigurationPlatforms) = preSolution
		Debug|Any CPU = Debug|Any CPU
		Release|Any CPU = Release|Any CPU
	EndGlobalSection
	GlobalSection(ProjectConfigurationPlatforms) = postSolution
		{D99B5107-B237-4DCE-B859-67F52FD8E552}.Debug|Any CPU.ActiveCfg = Debug|Any CPU
		{D99B5107-B237-4DCE-B859-67F52FD8E552}.Debug|Any CPU.Build.0 = Debug|Any CPU
		{D99B5107-B237-4DCE-B859-67F52FD8E552}.Release|Any CPU.ActiveCfg = Release|Any CPU
		{D99B5107-B237-4DCE-B859-67F52FD8E552}.Release|Any CPU.Build.0 = Release|Any CPU
		{618C648E-9908-4466-99C0-FA6F95258B6E}.Debug|Any CPU.ActiveCfg = Debug|Any CPU
		{618C648E-9908-4466-99C0-FA6F95258B6E}.Debug|Any CPU.Build.0 = Debug|Any CPU
		{618C648E-9908-4466-99C0-FA6F95258B6E}.Release|Any CPU.ActiveCfg = Release|Any CPU
		{618C648E-9908-4466-99C0-FA6F95258B6E}.Release|Any CPU.Build.0 = Release|Any CPU
		{1CEC23EC-857A-4186-9558-0D7A46996B59}.Debug|Any CPU.ActiveCfg = Debug|Any CPU
		{1CEC23EC-857A-4186-9558-0D7A46996B59}.Debug|Any CPU.Build.0 = Debug|Any CPU
		{1CEC23EC-857A-4186-9558-0D7A46996B59}.Release|Any CPU.ActiveCfg = Release|Any CPU
		{1CEC23EC-857A-4186-9558-0D7A46996B59}.Release|Any CPU.Build.0 = Release|Any CPU
	EndGlobalSection
	GlobalSection(SolutionProperties) = preSolution
		HideSolutionNode = FALSE
	EndGlobalSection
	GlobalSection(ExtensibilityGlobals) = postSolution
		SolutionGuid = {FC4E4459-D95D-4EC5-BFC5-D7A58E845238}
	EndGlobalSection
EndGlobal
